
Microsoft Visual Studio Solution File, Format Version 12.00
# Visual Studio Version 16
VisualStudioVersion = 16.0.31321.278
MinimumVisualStudioVersion = 10.0.40219.1
Project("{FAE04EC0-301F-11D3-BF4B-00C04F79EFBC}") = "DelegatesHomework", "DelegatesHomework.csproj", "{7C1566B8-A00F-44B9-8B77-EE42F69A75C5}"
EndProject
Global
	GlobalSection(SolutionConfigurationPlatforms) = preSolution
		Debug|Any CPU = Debug|Any CPU
		Release|Any CPU = Release|Any CPU
	EndGlobalSection
	GlobalSection(ProjectConfigurationPlatforms) = postSolution
		{7C1566B8-A00F-44B9-8B77-EE42F69A75C5}.Debug|Any CPU.ActiveCfg = Debug|Any CPU
		{7C1566B8-A00F-44B9-8B77-EE42F69A75C5}.Debug|Any CPU.Build.0 = Debug|Any CPU
		{7C1566B8-A00F-44B9-8B77-EE42F69A75C5}.Release|Any CPU.ActiveCfg = Release|Any CPU
		{7C1566B8-A00F-44B9-8B77-EE42F69A75C5}.Release|Any CPU.Build.0 = Release|Any CPU
	EndGlobalSection
	GlobalSection(SolutionProperties) = preSolution
		HideSolutionNode = FALSE
	EndGlobalSection
	GlobalSection(ExtensibilityGlobals) = postSolution
		SolutionGuid = {6B267373-EF0D-4B2B-89AE-8AA07732A40B}
	EndGlobalSection
EndGlobal
